
Microsoft Visual Studio Solution File, Format Version 12.00
# Visual Studio 14
VisualStudioVersion = 14.0.25420.1
MinimumVisualStudioVersion = 10.0.40219.1
Project("{FAE04EC0-301F-11D3-BF4B-00C04F79EFBC}") = "Datatrans.Checkout", "Datatrans.Checkout\Datatrans.Checkout.csproj", "{C602C6C1-F419-466F-904D-D73D06B50AF3}"
EndProject
Project("{FAE04EC0-301F-11D3-BF4B-00C04F79EFBC}") = "Datatrans.Checkout.Core", "Datatrans.Checkout.Core\Datatrans.Checkout.Core.csproj", "{62A342C4-FEE9-474F-9433-43C81D9CEAC9}"
EndProject
Project("{FAE04EC0-301F-11D3-BF4B-00C04F79EFBC}") = "Datatrans.Checkout.Tests", "Datatrans.Checkout.Tests\Datatrans.Checkout.Tests.csproj", "{9D8B50C5-9DF1-461C-8BBD-FFE82FB1E400}"
EndProject
Global
	GlobalSection(SolutionConfigurationPlatforms) = preSolution
		Debug|Any CPU = Debug|Any CPU
		Release|Any CPU = Release|Any CPU
	EndGlobalSection
	GlobalSection(ProjectConfigurationPlatforms) = postSolution
		{C602C6C1-F419-466F-904D-D73D06B50AF3}.Debug|Any CPU.ActiveCfg = Debug|Any CPU
		{C602C6C1-F419-466F-904D-D73D06B50AF3}.Debug|Any CPU.Build.0 = Debug|Any CPU
		{C602C6C1-F419-466F-904D-D73D06B50AF3}.Release|Any CPU.ActiveCfg = Release|Any CPU
		{C602C6C1-F419-466F-904D-D73D06B50AF3}.Release|Any CPU.Build.0 = Release|Any CPU
		{62A342C4-FEE9-474F-9433-43C81D9CEAC9}.Debug|Any CPU.ActiveCfg = Debug|Any CPU
		{62A342C4-FEE9-474F-9433-43C81D9CEAC9}.Debug|Any CPU.Build.0 = Debug|Any CPU
		{62A342C4-FEE9-474F-9433-43C81D9CEAC9}.Release|Any CPU.ActiveCfg = Release|Any CPU
		{62A342C4-FEE9-474F-9433-43C81D9CEAC9}.Release|Any CPU.Build.0 = Release|Any CPU
		{9D8B50C5-9DF1-461C-8BBD-FFE82FB1E400}.Debug|Any CPU.ActiveCfg = Debug|Any CPU
		{9D8B50C5-9DF1-461C-8BBD-FFE82FB1E400}.Debug|Any CPU.Build.0 = Debug|Any CPU
		{9D8B50C5-9DF1-461C-8BBD-FFE82FB1E400}.Release|Any CPU.ActiveCfg = Release|Any CPU
		{9D8B50C5-9DF1-461C-8BBD-FFE82FB1E400}.Release|Any CPU.Build.0 = Release|Any CPU
	EndGlobalSection
	GlobalSection(SolutionProperties) = preSolution
		HideSolutionNode = FALSE
	EndGlobalSection
EndGlobal
